# This file is automatically @generated by Cargo.
# It is not intended for manual editing.
version = 4

[[package]]
name = "vela-bytecode"
version = "0.1.0"

[[package]]
name = "vela-check"
version = "0.1.0"
dependencies = [
 "vela-lexer",
 "vela-parser",
]

[[package]]
name = "vela-cli"
version = "0.1.0"
dependencies = [
 "vela-check",
 "vela-diag",
 "vela-eval",
 "vela-fmt",
 "vela-parser",
 "vela-pkg",
 "vela-repl",
]

[[package]]
name = "vela-diag"
version = "0.1.0"

[[package]]
name = "vela-eval"
version = "0.1.0"
dependencies = [
 "vela-parser",
]

[[package]]
name = "vela-fmt"
version = "0.1.0"
dependencies = [
 "vela-parser",
]

[[package]]
name = "vela-lexer"
version = "0.1.0"

[[package]]
name = "vela-parser"
version = "0.1.0"
dependencies = [
 "vela-lexer",
]

[[package]]
name = "vela-pkg"
version = "0.1.0"

[[package]]
name = "vela-repl"
version = "0.1.0"
dependencies = [
 "vela-check",
 "vela-eval",
 "vela-parser",
]
