# This file is automatically @generated by Cargo.
# It is not intended for manual editing.
version = 4

[[package]]
name = "vela-check"
version = "0.1.0"
dependencies = [
 "vela-lexer",
 "vela-parser",
]

[[package]]
name = "vela-cli"
version = "0.1.0"
dependencies = [
 "vela-check",
 "vela-diag",
 "vela-parser",
]

[[package]]
name = "vela-diag"
version = "0.1.0"

[[package]]
name = "vela-lexer"
version = "0.1.0"

[[package]]
name = "vela-parser"
version = "0.1.0"
dependencies = [
 "vela-lexer",
]
